// !$*UTF8*$!
{
	archiveVersion = 1;
	classes = {
	};
	objectVersion = 46;
	objects = {

/* Begin PBXBuildFile section */
		6303B02F1C2142610097C197 /* AppDelegate.swift in Sources */ = {isa = PBXBuildFile; fileRef = 6303B02E1C2142610097C197 /* AppDelegate.swift */; };
		6303B0341C2142610097C197 /* Main.storyboard in Resources */ = {isa = PBXBuildFile; fileRef = 6303B0321C2142610097C197 /* Main.storyboard */; };
		6303B0361C2142610097C197 /* Assets.xcassets in Resources */ = {isa = PBXBuildFile; fileRef = 6303B0351C2142610097C197 /* Assets.xcassets */; };
		6303B0391C2142610097C197 /* LaunchScreen.storyboard in Resources */ = {isa = PBXBuildFile; fileRef = 6303B0371C2142610097C197 /* LaunchScreen.storyboard */; };
		6303B0411C2148410097C197 /* MasterViewController.swift in Sources */ = {isa = PBXBuildFile; fileRef = 6303B0401C2148410097C197 /* MasterViewController.swift */; };
		6303B0431C2148620097C197 /* DetailsViewController.swift in Sources */ = {isa = PBXBuildFile; fileRef = 6303B0421C2148620097C197 /* DetailsViewController.swift */; };
		6303B0451C214B4B0097C197 /* RootViewController.swift in Sources */ = {isa = PBXBuildFile; fileRef = 6303B0441C214B4B0097C197 /* RootViewController.swift */; };
		6303B0471C21545C0097C197 /* SettingsViewController.swift in Sources */ = {isa = PBXBuildFile; fileRef = 6303B0461C21545C0097C197 /* SettingsViewController.swift */; };
		6303B0491C215FE90097C197 /* UIDevice+Additions.swift in Sources */ = {isa = PBXBuildFile; fileRef = 6303B0481C215FE90097C197 /* UIDevice+Additions.swift */; };
		6303B04B1C2164310097C197 /* UIViewController+Additions.swift in Sources */ = {isa = PBXBuildFile; fileRef = 6303B04A1C2164310097C197 /* UIViewController+Additions.swift */; };
		6303B04D1C21648C0097C197 /* SettingsUI.swift in Sources */ = {isa = PBXBuildFile; fileRef = 6303B04C1C21648C0097C197 /* SettingsUI.swift */; };
/* End PBXBuildFile section */

/* Begin PBXFileReference section */
		6303B02B1C2142610097C197 /* ViewControllersSandbox.app */ = {isa = PBXFileReference; explicitFileType = wrapper.application; includeInIndex = 0; path = ViewControllersSandbox.app; sourceTree = BUILT_PRODUCTS_DIR; };
		6303B02E1C2142610097C197 /* AppDelegate.swift */ = {isa = PBXFileReference; lastKnownFileType = sourcecode.swift; path = AppDelegate.swift; sourceTree = "<group>"; };
		6303B0331C2142610097C197 /* Base */ = {isa = PBXFileReference; lastKnownFileType = file.storyboard; name = Base; path = Base.lproj/Main.storyboard; sourceTree = "<group>"; };
		6303B0351C2142610097C197 /* Assets.xcassets */ = {isa = PBXFileReference; lastKnownFileType = folder.assetcatalog; path = Assets.xcassets; sourceTree = "<group>"; };
		6303B0381C2142610097C197 /* Base */ = {isa = PBXFileReference; lastKnownFileType = file.storyboard; name = Base; path = Base.lproj/LaunchScreen.storyboard; sourceTree = "<group>"; };
		6303B03A1C2142610097C197 /* Info.plist */ = {isa = PBXFileReference; lastKnownFileType = text.plist.xml; path = Info.plist; sourceTree = "<group>"; };
		6303B0401C2148410097C197 /* MasterViewController.swift */ = {isa = PBXFileReference; fileEncoding = 4; lastKnownFileType = sourcecode.swift; path = MasterViewController.swift; sourceTree = "<group>"; };
		6303B0421C2148620097C197 /* DetailsViewController.swift */ = {isa = PBXFileReference; fileEncoding = 4; lastKnownFileType = sourcecode.swift; path = DetailsViewController.swift; sourceTree = "<group>"; };
		6303B0441C214B4B0097C197 /* RootViewController.swift */ = {isa = PBXFileReference; fileEncoding = 4; lastKnownFileType = sourcecode.swift; path = RootViewController.swift; sourceTree = "<group>"; };
		6303B0461C21545C0097C197 /* SettingsViewController.swift */ = {isa = PBXFileReference; fileEncoding = 4; lastKnownFileType = sourcecode.swift; path = SettingsViewController.swift; sourceTree = "<group>"; };
		6303B0481C215FE90097C197 /* UIDevice+Additions.swift */ = {isa = PBXFileReference; fileEncoding = 4; lastKnownFileType = sourcecode.swift; path = "UIDevice+Additions.swift"; sourceTree = "<group>"; };
		6303B04A1C2164310097C197 /* UIViewController+Additions.swift */ = {isa = PBXFileReference; fileEncoding = 4; lastKnownFileType = sourcecode.swift; path = "UIViewController+Additions.swift"; sourceTree = "<group>"; };
		6303B04C1C21648C0097C197 /* SettingsUI.swift */ = {isa = PBXFileReference; fileEncoding = 4; lastKnownFileType = sourcecode.swift; path = SettingsUI.swift; sourceTree = "<group>"; };
/* End PBXFileReference section */

/* Begin PBXFrameworksBuildPhase section */
		6303B0281C2142610097C197 /* Frameworks */ = {
			isa = PBXFrameworksBuildPhase;
			buildActionMask = 2147483647;
			files = (
			);
			runOnlyForDeploymentPostprocessing = 0;
		};
/* End PBXFrameworksBuildPhase section */

/* Begin PBXGroup section */
		6303B0221C2142610097C197 = {
			isa = PBXGroup;
			children = (
				6303B02D1C2142610097C197 /* ViewControllersSandbox */,
				6303B02C1C2142610097C197 /* Products */,
			);
			sourceTree = "<group>";
		};
		6303B02C1C2142610097C197 /* Products */ = {
			isa = PBXGroup;
			children = (
				6303B02B1C2142610097C197 /* ViewControllersSandbox.app */,
			);
			name = Products;
			sourceTree = "<group>";
		};
		6303B02D1C2142610097C197 /* ViewControllersSandbox */ = {
			isa = PBXGroup;
			children = (
				6303B02E1C2142610097C197 /* AppDelegate.swift */,
				6303B0321C2142610097C197 /* Main.storyboard */,
				6303B0351C2142610097C197 /* Assets.xcassets */,
				6303B0371C2142610097C197 /* LaunchScreen.storyboard */,
				6303B03A1C2142610097C197 /* Info.plist */,
				6303B0401C2148410097C197 /* MasterViewController.swift */,
				6303B0421C2148620097C197 /* DetailsViewController.swift */,
				6303B0441C214B4B0097C197 /* RootViewController.swift */,
				6303B0461C21545C0097C197 /* SettingsViewController.swift */,
				6303B0481C215FE90097C197 /* UIDevice+Additions.swift */,
				6303B04A1C2164310097C197 /* UIViewController+Additions.swift */,
				6303B04C1C21648C0097C197 /* SettingsUI.swift */,
			);
			path = ViewControllersSandbox;
			sourceTree = "<group>";
		};
/* End PBXGroup section */

/* Begin PBXNativeTarget section */
		6303B02A1C2142610097C197 /* ViewControllersSandbox */ = {
			isa = PBXNativeTarget;
			buildConfigurationList = 6303B03D1C2142610097C197 /* Build configuration list for PBXNativeTarget "ViewControllersSandbox" */;
			buildPhases = (
				6303B0271C2142610097C197 /* Sources */,
				6303B0281C2142610097C197 /* Frameworks */,
				6303B0291C2142610097C197 /* Resources */,
			);
			buildRules = (
			);
			dependencies = (
			);
			name = ViewControllersSandbox;
			productName = ViewControllersSandbox;
			productReference = 6303B02B1C2142610097C197 /* ViewControllersSandbox.app */;
			productType = "com.apple.product-type.application";
		};
/* End PBXNativeTarget section */

/* Begin PBXProject section */
		6303B0231C2142610097C197 /* Project object */ = {
			isa = PBXProject;
			attributes = {
				LastSwiftUpdateCheck = 0720;
				LastUpgradeCheck = 0720;
				ORGANIZATIONNAME = "Alex Antonyuk";
				TargetAttributes = {
					6303B02A1C2142610097C197 = {
						CreatedOnToolsVersion = 7.2;
					};
				};
			};
			buildConfigurationList = 6303B0261C2142610097C197 /* Build configuration list for PBXProject "ViewControllersSandbox" */;
			compatibilityVersion = "Xcode 3.2";
			developmentRegion = English;
			hasScannedForEncodings = 0;
			knownRegions = (
				en,
				Base,
			);
			mainGroup = 6303B0221C2142610097C197;
			productRefGroup = 6303B02C1C2142610097C197 /* Products */;
			projectDirPath = "";
			projectRoot = "";
			targets = (
				6303B02A1C2142610097C197 /* ViewControllersSandbox */,
			);
		};
/* End PBXProject section */

/* Begin PBXResourcesBuildPhase section */
		6303B0291C2142610097C197 /* Resources */ = {
			isa = PBXResourcesBuildPhase;
			buildActionMask = 2147483647;
			files = (
				6303B0391C2142610097C197 /* LaunchScreen.storyboard in Resources */,
				6303B0361C2142610097C197 /* Assets.xcassets in Resources */,
				6303B0341C2142610097C197 /* Main.storyboard in Resources */,
			);
			runOnlyForDeploymentPostprocessing = 0;
		};
/* End PBXResourcesBuildPhase section */

/* Begin PBXSourcesBuildPhase section */
		6303B0271C2142610097C197 /* Sources */ = {
			isa = PBXSourcesBuildPhase;
			buildActionMask = 2147483647;
			files = (
				6303B0411C2148410097C197 /* MasterViewController.swift in Sources */,
				6303B04B1C2164310097C197 /* UIViewController+Additions.swift in Sources */,
				6303B04D1C21648C0097C197 /* SettingsUI.swift in Sources */,
				6303B0491C215FE90097C197 /* UIDevice+Additions.swift in Sources */,
				6303B02F1C2142610097C197 /* AppDelegate.swift in Sources */,
				6303B0451C214B4B0097C197 /* RootViewController.swift in Sources */,
				6303B0471C21545C0097C197 /* SettingsViewController.swift in Sources */,
				6303B0431C2148620097C197 /* DetailsViewController.swift in Sources */,
			);
			runOnlyForDeploymentPostprocessing = 0;
		};
/* End PBXSourcesBuildPhase section */

/* Begin PBXVariantGroup section */
		6303B0321C2142610097C197 /* Main.storyboard */ = {
			isa = PBXVariantGroup;
			children = (
				6303B0331C2142610097C197 /* Base */,
			);
			name = Main.storyboard;
			sourceTree = "<group>";
		};
		6303B0371C2142610097C197 /* LaunchScreen.storyboard */ = {
			isa = PBXVariantGroup;
			children = (
				6303B0381C2142610097C197 /* Base */,
			);
			name = LaunchScreen.storyboard;
			sourceTree = "<group>";
		};
/* End PBXVariantGroup section */

/* Begin XCBuildConfiguration section */
		6303B03B1C2142610097C197 /* Debug */ = {
			isa = XCBuildConfiguration;
			buildSettings = {
				ALWAYS_SEARCH_USER_PATHS = NO;
				CLANG_CXX_LANGUAGE_STANDARD = "gnu++0x";
				CLANG_CXX_LIBRARY = "libc++";
				CLANG_ENABLE_MODULES = YES;
				CLANG_ENABLE_OBJC_ARC = YES;
				CLANG_WARN_BOOL_CONVERSION = YES;
				CLANG_WARN_CONSTANT_CONVERSION = YES;
				CLANG_WARN_DIRECT_OBJC_ISA_USAGE = YES_ERROR;
				CLANG_WARN_EMPTY_BODY = YES;
				CLANG_WARN_ENUM_CONVERSION = YES;
				CLANG_WARN_INT_CONVERSION = YES;
				CLANG_WARN_OBJC_ROOT_CLASS = YES_ERROR;
				CLANG_WARN_UNREACHABLE_CODE = YES;
				CLANG_WARN__DUPLICATE_METHOD_MATCH = YES;
				"CODE_SIGN_IDENTITY[sdk=iphoneos*]" = "iPhone Developer";
				COPY_PHASE_STRIP = NO;
				DEBUG_INFORMATION_FORMAT = dwarf;
				ENABLE_STRICT_OBJC_MSGSEND = YES;
				ENABLE_TESTABILITY = YES;
				GCC_C_LANGUAGE_STANDARD = gnu99;
				GCC_DYNAMIC_NO_PIC = NO;
				GCC_NO_COMMON_BLOCKS = YES;
				GCC_OPTIMIZATION_LEVEL = 0;
				GCC_PREPROCESSOR_DEFINITIONS = (
					"DEBUG=1",
					"$(inherited)",
				);
				GCC_WARN_64_TO_32_BIT_CONVERSION = YES;
				GCC_WARN_ABOUT_RETURN_TYPE = YES_ERROR;
				GCC_WARN_UNDECLARED_SELECTOR = YES;
				GCC_WARN_UNINITIALIZED_AUTOS = YES_AGGRESSIVE;
				GCC_WARN_UNUSED_FUNCTION = YES;
				GCC_WARN_UNUSED_VARIABLE = YES;
				IPHONEOS_DEPLOYMENT_TARGET = 9.2;
				MTL_ENABLE_DEBUG_INFO = YES;
				ONLY_ACTIVE_ARCH = YES;
				SDKROOT = iphoneos;
				SWIFT_OPTIMIZATION_LEVEL = "-Onone";
				TARGETED_DEVICE_FAMILY = "1,2";
			};
			name = Debug;
		};
		6303B03C1C2142610097C197 /* Release */ = {
			isa = XCBuildConfiguration;
			buildSettings = {
				ALWAYS_SEARCH_USER_PATHS = NO;
				CLANG_CXX_LANGUAGE_STANDARD = "gnu++0x";
				CLANG_CXX_LIBRARY = "libc++";
				CLANG_ENABLE_MODULES = YES;
				CLANG_ENABLE_OBJC_ARC = YES;
				CLANG_WARN_BOOL_CONVERSION = YES;
				CLANG_WARN_CONSTANT_CONVERSION = YES;
				CLANG_WARN_DIRECT_OBJC_ISA_USAGE = YES_ERROR;
				CLANG_WARN_EMPTY_BODY = YES;
				CLANG_WARN_ENUM_CONVERSION = YES;
				CLANG_WARN_INT_CONVERSION = YES;
				CLANG_WARN_OBJC_ROOT_CLASS = YES_ERROR;
				CLANG_WARN_UNREACHABLE_CODE = YES;
				CLANG_WARN__DUPLICATE_METHOD_MATCH = YES;
				"CODE_SIGN_IDENTITY[sdk=iphoneos*]" = "iPhone Developer";
				COPY_PHASE_STRIP = NO;
				DEBUG_INFORMATION_FORMAT = "dwarf-with-dsym";
				ENABLE_NS_ASSERTIONS = NO;
				ENABLE_STRICT_OBJC_MSGSEND = YES;
				GCC_C_LANGUAGE_STANDARD = gnu99;
				GCC_NO_COMMON_BLOCKS = YES;
				GCC_WARN_64_TO_32_BIT_CONVERSION = YES;
				GCC_WARN_ABOUT_RETURN_TYPE = YES_ERROR;
				GCC_WARN_UNDECLARED_SELECTOR = YES;
				GCC_WARN_UNINITIALIZED_AUTOS = YES_AGGRESSIVE;
				GCC_WARN_UNUSED_FUNCTION = YES;
				GCC_WARN_UNUSED_VARIABLE = YES;
				IPHONEOS_DEPLOYMENT_TARGET = 9.2;
				MTL_ENABLE_DEBUG_INFO = NO;
				SDKROOT = iphoneos;
				TARGETED_DEVICE_FAMILY = "1,2";
				VALIDATE_PRODUCT = YES;
			};
			name = Release;
		};
		6303B03E1C2142610097C197 /* Debug */ = {
			isa = XCBuildConfiguration;
			buildSettings = {
				ASSETCATALOG_COMPILER_APPICON_NAME = AppIcon;
				INFOPLIST_FILE = ViewControllersSandbox/Info.plist;
				LD_RUNPATH_SEARCH_PATHS = "$(inherited) @executable_path/Frameworks";
				PRODUCT_BUNDLE_IDENTIFIER = me.antonyuk.ViewControllersSandbox;
				PRODUCT_NAME = "$(TARGET_NAME)";
			};
			name = Debug;
		};
		6303B03F1C2142610097C197 /* Release */ = {
			isa = XCBuildConfiguration;
			buildSettings = {
				ASSETCATALOG_COMPILER_APPICON_NAME = AppIcon;
				INFOPLIST_FILE = ViewControllersSandbox/Info.plist;
				LD_RUNPATH_SEARCH_PATHS = "$(inherited) @executable_path/Frameworks";
				PRODUCT_BUNDLE_IDENTIFIER = me.antonyuk.ViewControllersSandbox;
				PRODUCT_NAME = "$(TARGET_NAME)";
			};
			name = Release;
		};
/* End XCBuildConfiguration section */

/* Begin XCConfigurationList section */
		6303B0261C2142610097C197 /* Build configuration list for PBXProject "ViewControllersSandbox" */ = {
			isa = XCConfigurationList;
			buildConfigurations = (
				6303B03B1C2142610097C197 /* Debug */,
				6303B03C1C2142610097C197 /* Release */,
			);
			defaultConfigurationIsVisible = 0;
			defaultConfigurationName = Release;
		};
		6303B03D1C2142610097C197 /* Build configuration list for PBXNativeTarget "ViewControllersSandbox" */ = {
			isa = XCConfigurationList;
			buildConfigurations = (
				6303B03E1C2142610097C197 /* Debug */,
				6303B03F1C2142610097C197 /* Release */,
			);
			defaultConfigurationIsVisible = 0;
			defaultConfigurationName = Release;
		};
/* End XCConfigurationList section */
	};
	rootObject = 6303B0231C2142610097C197 /* Project object */;
}
